// !$*UTF8*$!
{
	archiveVersion = 1;
	classes = {
	};
	objectVersion = 55;
	objects = {

/* Begin PBXBuildFile section */
		4F4C2F7028DF3423004A961A /* LogList.swift in Sources */ = {isa = PBXBuildFile; fileRef = 4F4C2F6328DF3423004A961A /* LogList.swift */; };
		4F4C2F7128DF3423004A961A /* Log.swift in Sources */ = {isa = PBXBuildFile; fileRef = 4F4C2F6428DF3423004A961A /* Log.swift */; };
		4F4C2F7228DF3423004A961A /* ResultsBox.swift in Sources */ = {isa = PBXBuildFile; fileRef = 4F4C2F6628DF3423004A961A /* ResultsBox.swift */; };
		4F4C2F7328DF3423004A961A /* LogRow.swift in Sources */ = {isa = PBXBuildFile; fileRef = 4F4C2F6728DF3423004A961A /* LogRow.swift */; };
		4F4C2F7428DF3423004A961A /* StatBox.swift in Sources */ = {isa = PBXBuildFile; fileRef = 4F4C2F6828DF3423004A961A /* StatBox.swift */; };
		4F4C2F7628DF3423004A961A /* AboutScreen.swift in Sources */ = {isa = PBXBuildFile; fileRef = 4F4C2F6C28DF3423004A961A /* AboutScreen.swift */; };
		4F4C2F7728DF3423004A961A /* Creator.swift in Sources */ = {isa = PBXBuildFile; fileRef = 4F4C2F6D28DF3423004A961A /* Creator.swift */; };
		4F4C2F7828DF3423004A961A /* Profile.swift in Sources */ = {isa = PBXBuildFile; fileRef = 4F4C2F6E28DF3423004A961A /* Profile.swift */; };
		4F4C2F7928DF3423004A961A /* ProfilePicture.swift in Sources */ = {isa = PBXBuildFile; fileRef = 4F4C2F6F28DF3423004A961A /* ProfilePicture.swift */; };
		4F4C2F7C28DFC9DA004A961A /* SettingsScreen.swift in Sources */ = {isa = PBXBuildFile; fileRef = 4F4C2F7B28DFC9DA004A961A /* SettingsScreen.swift */; };
		4F4C2F7F28DFCA1D004A961A /* DrainCheckPrefsViewController.m in Sources */ = {isa = PBXBuildFile; fileRef = 4F4C2F7E28DFCA1D004A961A /* DrainCheckPrefsViewController.m */; };
		4FEBF34F28DEAFD10017EC32 /* DrainCheckApp.swift in Sources */ = {isa = PBXBuildFile; fileRef = 4FEBF34E28DEAFD10017EC32 /* DrainCheckApp.swift */; };
		4FEBF35328DEAFD20017EC32 /* Assets.xcassets in Resources */ = {isa = PBXBuildFile; fileRef = 4FEBF35228DEAFD20017EC32 /* Assets.xcassets */; };
		4FEBF35628DEAFD20017EC32 /* Preview Assets.xcassets in Resources */ = {isa = PBXBuildFile; fileRef = 4FEBF35528DEAFD20017EC32 /* Preview Assets.xcassets */; };
		4FEBF35D28DEB7FD0017EC32 /* DataHandler.swift in Sources */ = {isa = PBXBuildFile; fileRef = 4FEBF35C28DEB7FC0017EC32 /* DataHandler.swift */; };
/* End PBXBuildFile section */

/* Begin PBXFileReference section */
		4F4C2F6328DF3423004A961A /* LogList.swift */ = {isa = PBXFileReference; fileEncoding = 4; lastKnownFileType = sourcecode.swift; path = LogList.swift; sourceTree = "<group>"; };
		4F4C2F6428DF3423004A961A /* Log.swift */ = {isa = PBXFileReference; fileEncoding = 4; lastKnownFileType = sourcecode.swift; path = Log.swift; sourceTree = "<group>"; };
		4F4C2F6628DF3423004A961A /* ResultsBox.swift */ = {isa = PBXFileReference; fileEncoding = 4; lastKnownFileType = sourcecode.swift; path = ResultsBox.swift; sourceTree = "<group>"; };
		4F4C2F6728DF3423004A961A /* LogRow.swift */ = {isa = PBXFileReference; fileEncoding = 4; lastKnownFileType = sourcecode.swift; path = LogRow.swift; sourceTree = "<group>"; };
		4F4C2F6828DF3423004A961A /* StatBox.swift */ = {isa = PBXFileReference; fileEncoding = 4; lastKnownFileType = sourcecode.swift; path = StatBox.swift; sourceTree = "<group>"; };
		4F4C2F6C28DF3423004A961A /* AboutScreen.swift */ = {isa = PBXFileReference; fileEncoding = 4; lastKnownFileType = sourcecode.swift; path = AboutScreen.swift; sourceTree = "<group>"; };
		4F4C2F6D28DF3423004A961A /* Creator.swift */ = {isa = PBXFileReference; fileEncoding = 4; lastKnownFileType = sourcecode.swift; path = Creator.swift; sourceTree = "<group>"; };
		4F4C2F6E28DF3423004A961A /* Profile.swift */ = {isa = PBXFileReference; fileEncoding = 4; lastKnownFileType = sourcecode.swift; path = Profile.swift; sourceTree = "<group>"; };
		4F4C2F6F28DF3423004A961A /* ProfilePicture.swift */ = {isa = PBXFileReference; fileEncoding = 4; lastKnownFileType = sourcecode.swift; path = ProfilePicture.swift; sourceTree = "<group>"; };
		4F4C2F7B28DFC9DA004A961A /* SettingsScreen.swift */ = {isa = PBXFileReference; lastKnownFileType = sourcecode.swift; path = SettingsScreen.swift; sourceTree = "<group>"; };
		4F4C2F7D28DFCA1C004A961A /* DrainCheck-Bridging-Header.h */ = {isa = PBXFileReference; lastKnownFileType = sourcecode.c.h; path = "DrainCheck-Bridging-Header.h"; sourceTree = "<group>"; };
		4F4C2F7E28DFCA1D004A961A /* DrainCheckPrefsViewController.m */ = {isa = PBXFileReference; lastKnownFileType = sourcecode.c.objc; path = DrainCheckPrefsViewController.m; sourceTree = "<group>"; };
		4F4C2F8028DFCA30004A961A /* DrainCheckPrefsViewController.h */ = {isa = PBXFileReference; lastKnownFileType = sourcecode.c.h; path = DrainCheckPrefsViewController.h; sourceTree = "<group>"; };
		4FEBF34B28DEAFD10017EC32 /* DrainCheck.app */ = {isa = PBXFileReference; explicitFileType = wrapper.application; includeInIndex = 0; path = DrainCheck.app; sourceTree = BUILT_PRODUCTS_DIR; };
		4FEBF34E28DEAFD10017EC32 /* DrainCheckApp.swift */ = {isa = PBXFileReference; lastKnownFileType = sourcecode.swift; path = DrainCheckApp.swift; sourceTree = "<group>"; };
		4FEBF35228DEAFD20017EC32 /* Assets.xcassets */ = {isa = PBXFileReference; lastKnownFileType = folder.assetcatalog; path = Assets.xcassets; sourceTree = "<group>"; };
		4FEBF35528DEAFD20017EC32 /* Preview Assets.xcassets */ = {isa = PBXFileReference; lastKnownFileType = folder.assetcatalog; path = "Preview Assets.xcassets"; sourceTree = "<group>"; };
		4FEBF35C28DEB7FC0017EC32 /* DataHandler.swift */ = {isa = PBXFileReference; lastKnownFileType = sourcecode.swift; path = DataHandler.swift; sourceTree = "<group>"; };
		4FEBF36028DED8080017EC32 /* Info.plist */ = {isa = PBXFileReference; lastKnownFileType = text.plist; path = Info.plist; sourceTree = "<group>"; };
/* End PBXFileReference section */

/* Begin PBXFrameworksBuildPhase section */
		4FEBF34828DEAFD10017EC32 /* Frameworks */ = {
			isa = PBXFrameworksBuildPhase;
			buildActionMask = 2147483647;
			files = (
			);
			runOnlyForDeploymentPostprocessing = 0;
		};
/* End PBXFrameworksBuildPhase section */

/* Begin PBXGroup section */
		4F4C2F6228DF3423004A961A /* Logs */ = {
			isa = PBXGroup;
			children = (
				4F4C2F6328DF3423004A961A /* LogList.swift */,
				4F4C2F6428DF3423004A961A /* Log.swift */,
				4F4C2F6528DF3423004A961A /* Row */,
			);
			name = Logs;
			path = DrainCheck/Logs;
			sourceTree = SOURCE_ROOT;
		};
		4F4C2F6528DF3423004A961A /* Row */ = {
			isa = PBXGroup;
			children = (
				4F4C2F6628DF3423004A961A /* ResultsBox.swift */,
				4F4C2F6728DF3423004A961A /* LogRow.swift */,
				4F4C2F6828DF3423004A961A /* StatBox.swift */,
			);
			path = Row;
			sourceTree = "<group>";
		};
		4F4C2F6B28DF3423004A961A /* About */ = {
			isa = PBXGroup;
			children = (
				4F4C2F6C28DF3423004A961A /* AboutScreen.swift */,
				4F4C2F6D28DF3423004A961A /* Creator.swift */,
				4F4C2F6E28DF3423004A961A /* Profile.swift */,
				4F4C2F6F28DF3423004A961A /* ProfilePicture.swift */,
			);
			name = About;
			path = DrainCheck/About;
			sourceTree = SOURCE_ROOT;
		};
		4F4C2F7A28DFC98A004A961A /* Settings */ = {
			isa = PBXGroup;
			children = (
				4F4C2F7B28DFC9DA004A961A /* SettingsScreen.swift */,
				4F4C2F7E28DFCA1D004A961A /* DrainCheckPrefsViewController.m */,
				4F4C2F8028DFCA30004A961A /* DrainCheckPrefsViewController.h */,
				4F4C2F7D28DFCA1C004A961A /* DrainCheck-Bridging-Header.h */,
			);
			path = Settings;
			sourceTree = "<group>";
		};
		4FEBF34228DEAFD10017EC32 = {
			isa = PBXGroup;
			children = (
				4FEBF34D28DEAFD10017EC32 /* DrainCheck */,
				4FEBF34C28DEAFD10017EC32 /* Products */,
			);
			sourceTree = "<group>";
		};
		4FEBF34C28DEAFD10017EC32 /* Products */ = {
			isa = PBXGroup;
			children = (
				4FEBF34B28DEAFD10017EC32 /* DrainCheck.app */,
			);
			name = Products;
			sourceTree = "<group>";
		};
		4FEBF34D28DEAFD10017EC32 /* DrainCheck */ = {
			isa = PBXGroup;
			children = (
				4F4C2F7A28DFC98A004A961A /* Settings */,
				4FEBF36028DED8080017EC32 /* Info.plist */,
				4F4C2F6B28DF3423004A961A /* About */,
				4F4C2F6228DF3423004A961A /* Logs */,
				4FEBF34E28DEAFD10017EC32 /* DrainCheckApp.swift */,
				4FEBF35C28DEB7FC0017EC32 /* DataHandler.swift */,
				4FEBF35228DEAFD20017EC32 /* Assets.xcassets */,
				4FEBF35428DEAFD20017EC32 /* Preview Content */,
			);
			path = DrainCheck;
			sourceTree = "<group>";
		};
		4FEBF35428DEAFD20017EC32 /* Preview Content */ = {
			isa = PBXGroup;
			children = (
				4FEBF35528DEAFD20017EC32 /* Preview Assets.xcassets */,
			);
			path = "Preview Content";
			sourceTree = "<group>";
		};
/* End PBXGroup section */

/* Begin PBXNativeTarget section */
		4FEBF34A28DEAFD10017EC32 /* DrainCheck */ = {
			isa = PBXNativeTarget;
			buildConfigurationList = 4FEBF35928DEAFD20017EC32 /* Build configuration list for PBXNativeTarget "DrainCheck" */;
			buildPhases = (
				4FEBF34728DEAFD10017EC32 /* Sources */,
				4FEBF34828DEAFD10017EC32 /* Frameworks */,
				4FEBF34928DEAFD10017EC32 /* Resources */,
			);
			buildRules = (
			);
			dependencies = (
			);
			name = DrainCheck;
			productName = DrainCheck;
			productReference = 4FEBF34B28DEAFD10017EC32 /* DrainCheck.app */;
			productType = "com.apple.product-type.application";
		};
/* End PBXNativeTarget section */

/* Begin PBXProject section */
		4FEBF34328DEAFD10017EC32 /* Project object */ = {
			isa = PBXProject;
			attributes = {
				BuildIndependentTargetsInParallel = 1;
				LastSwiftUpdateCheck = 1340;
				LastUpgradeCheck = 1340;
				TargetAttributes = {
					4FEBF34A28DEAFD10017EC32 = {
						CreatedOnToolsVersion = 13.4.1;
						LastSwiftMigration = 1340;
					};
				};
			};
			buildConfigurationList = 4FEBF34628DEAFD10017EC32 /* Build configuration list for PBXProject "DrainCheck" */;
			compatibilityVersion = "Xcode 13.0";
			developmentRegion = en;
			hasScannedForEncodings = 0;
			knownRegions = (
				en,
				Base,
			);
			mainGroup = 4FEBF34228DEAFD10017EC32;
			productRefGroup = 4FEBF34C28DEAFD10017EC32 /* Products */;
			projectDirPath = "";
			projectRoot = "";
			targets = (
				4FEBF34A28DEAFD10017EC32 /* DrainCheck */,
			);
		};
/* End PBXProject section */

/* Begin PBXResourcesBuildPhase section */
		4FEBF34928DEAFD10017EC32 /* Resources */ = {
			isa = PBXResourcesBuildPhase;
			buildActionMask = 2147483647;
			files = (
				4FEBF35628DEAFD20017EC32 /* Preview Assets.xcassets in Resources */,
				4FEBF35328DEAFD20017EC32 /* Assets.xcassets in Resources */,
			);
			runOnlyForDeploymentPostprocessing = 0;
		};
/* End PBXResourcesBuildPhase section */

/* Begin PBXSourcesBuildPhase section */
		4FEBF34728DEAFD10017EC32 /* Sources */ = {
			isa = PBXSourcesBuildPhase;
			buildActionMask = 2147483647;
			files = (
				4FEBF35D28DEB7FD0017EC32 /* DataHandler.swift in Sources */,
				4F4C2F7728DF3423004A961A /* Creator.swift in Sources */,
				4FEBF34F28DEAFD10017EC32 /* DrainCheckApp.swift in Sources */,
				4F4C2F7928DF3423004A961A /* ProfilePicture.swift in Sources */,
				4F4C2F7C28DFC9DA004A961A /* SettingsScreen.swift in Sources */,
				4F4C2F7128DF3423004A961A /* Log.swift in Sources */,
				4F4C2F7228DF3423004A961A /* ResultsBox.swift in Sources */,
				4F4C2F7628DF3423004A961A /* AboutScreen.swift in Sources */,
				4F4C2F7028DF3423004A961A /* LogList.swift in Sources */,
				4F4C2F7828DF3423004A961A /* Profile.swift in Sources */,
				4F4C2F7F28DFCA1D004A961A /* DrainCheckPrefsViewController.m in Sources */,
				4F4C2F7328DF3423004A961A /* LogRow.swift in Sources */,
				4F4C2F7428DF3423004A961A /* StatBox.swift in Sources */,
			);
			runOnlyForDeploymentPostprocessing = 0;
		};
/* End PBXSourcesBuildPhase section */

/* Begin XCBuildConfiguration section */
		4FEBF35728DEAFD20017EC32 /* Debug */ = {
			isa = XCBuildConfiguration;
			buildSettings = {
				ALWAYS_SEARCH_USER_PATHS = NO;
				CLANG_ANALYZER_NONNULL = YES;
				CLANG_ANALYZER_NUMBER_OBJECT_CONVERSION = YES_AGGRESSIVE;
				CLANG_CXX_LANGUAGE_STANDARD = "gnu++17";
				CLANG_ENABLE_MODULES = YES;
				CLANG_ENABLE_OBJC_ARC = YES;
				CLANG_ENABLE_OBJC_WEAK = YES;
				CLANG_WARN_BLOCK_CAPTURE_AUTORELEASING = YES;
				CLANG_WARN_BOOL_CONVERSION = YES;
				CLANG_WARN_COMMA = YES;
				CLANG_WARN_CONSTANT_CONVERSION = YES;
				CLANG_WARN_DEPRECATED_OBJC_IMPLEMENTATIONS = YES;
				CLANG_WARN_DIRECT_OBJC_ISA_USAGE = YES_ERROR;
				CLANG_WARN_DOCUMENTATION_COMMENTS = YES;
				CLANG_WARN_EMPTY_BODY = YES;
				CLANG_WARN_ENUM_CONVERSION = YES;
				CLANG_WARN_INFINITE_RECURSION = YES;
				CLANG_WARN_INT_CONVERSION = YES;
				CLANG_WARN_NON_LITERAL_NULL_CONVERSION = YES;
				CLANG_WARN_OBJC_IMPLICIT_RETAIN_SELF = YES;
				CLANG_WARN_OBJC_LITERAL_CONVERSION = YES;
				CLANG_WARN_OBJC_ROOT_CLASS = YES_ERROR;
				CLANG_WARN_QUOTED_INCLUDE_IN_FRAMEWORK_HEADER = YES;
				CLANG_WARN_RANGE_LOOP_ANALYSIS = YES;
				CLANG_WARN_STRICT_PROTOTYPES = YES;
				CLANG_WARN_SUSPICIOUS_MOVE = YES;
				CLANG_WARN_UNGUARDED_AVAILABILITY = YES_AGGRESSIVE;
				CLANG_WARN_UNREACHABLE_CODE = YES;
				CLANG_WARN__DUPLICATE_METHOD_MATCH = YES;
				COPY_PHASE_STRIP = NO;
				DEBUG_INFORMATION_FORMAT = dwarf;
				ENABLE_STRICT_OBJC_MSGSEND = YES;
				ENABLE_TESTABILITY = YES;
				GCC_C_LANGUAGE_STANDARD = gnu11;
				GCC_DYNAMIC_NO_PIC = NO;
				GCC_NO_COMMON_BLOCKS = YES;
				GCC_OPTIMIZATION_LEVEL = 0;
				GCC_PREPROCESSOR_DEFINITIONS = (
					"DEBUG=1",
					"$(inherited)",
				);
				GCC_WARN_64_TO_32_BIT_CONVERSION = YES;
				GCC_WARN_ABOUT_RETURN_TYPE = YES_ERROR;
				GCC_WARN_UNDECLARED_SELECTOR = YES;
				GCC_WARN_UNINITIALIZED_AUTOS = YES_AGGRESSIVE;
				GCC_WARN_UNUSED_FUNCTION = YES;
				GCC_WARN_UNUSED_VARIABLE = YES;
				IPHONEOS_DEPLOYMENT_TARGET = 15.5;
				MTL_ENABLE_DEBUG_INFO = INCLUDE_SOURCE;
				MTL_FAST_MATH = YES;
				ONLY_ACTIVE_ARCH = YES;
				SDKROOT = iphoneos;
				SWIFT_ACTIVE_COMPILATION_CONDITIONS = DEBUG;
				SWIFT_OPTIMIZATION_LEVEL = "-Onone";
			};
			name = Debug;
		};
		4FEBF35828DEAFD20017EC32 /* Release */ = {
			isa = XCBuildConfiguration;
			buildSettings = {
				ALWAYS_SEARCH_USER_PATHS = NO;
				CLANG_ANALYZER_NONNULL = YES;
				CLANG_ANALYZER_NUMBER_OBJECT_CONVERSION = YES_AGGRESSIVE;
				CLANG_CXX_LANGUAGE_STANDARD = "gnu++17";
				CLANG_ENABLE_MODULES = YES;
				CLANG_ENABLE_OBJC_ARC = YES;
				CLANG_ENABLE_OBJC_WEAK = YES;
				CLANG_WARN_BLOCK_CAPTURE_AUTORELEASING = YES;
				CLANG_WARN_BOOL_CONVERSION = YES;
				CLANG_WARN_COMMA = YES;
				CLANG_WARN_CONSTANT_CONVERSION = YES;
				CLANG_WARN_DEPRECATED_OBJC_IMPLEMENTATIONS = YES;
				CLANG_WARN_DIRECT_OBJC_ISA_USAGE = YES_ERROR;
				CLANG_WARN_DOCUMENTATION_COMMENTS = YES;
				CLANG_WARN_EMPTY_BODY = YES;
				CLANG_WARN_ENUM_CONVERSION = YES;
				CLANG_WARN_INFINITE_RECURSION = YES;
				CLANG_WARN_INT_CONVERSION = YES;
				CLANG_WARN_NON_LITERAL_NULL_CONVERSION = YES;
				CLANG_WARN_OBJC_IMPLICIT_RETAIN_SELF = YES;
				CLANG_WARN_OBJC_LITERAL_CONVERSION = YES;
				CLANG_WARN_OBJC_ROOT_CLASS = YES_ERROR;
				CLANG_WARN_QUOTED_INCLUDE_IN_FRAMEWORK_HEADER = YES;
				CLANG_WARN_RANGE_LOOP_ANALYSIS = YES;
				CLANG_WARN_STRICT_PROTOTYPES = YES;
				CLANG_WARN_SUSPICIOUS_MOVE = YES;
				CLANG_WARN_UNGUARDED_AVAILABILITY = YES_AGGRESSIVE;
				CLANG_WARN_UNREACHABLE_CODE = YES;
				CLANG_WARN__DUPLICATE_METHOD_MATCH = YES;
				COPY_PHASE_STRIP = NO;
				DEBUG_INFORMATION_FORMAT = "dwarf-with-dsym";
				ENABLE_NS_ASSERTIONS = NO;
				ENABLE_STRICT_OBJC_MSGSEND = YES;
				GCC_C_LANGUAGE_STANDARD = gnu11;
				GCC_NO_COMMON_BLOCKS = YES;
				GCC_WARN_64_TO_32_BIT_CONVERSION = YES;
				GCC_WARN_ABOUT_RETURN_TYPE = YES_ERROR;
				GCC_WARN_UNDECLARED_SELECTOR = YES;
				GCC_WARN_UNINITIALIZED_AUTOS = YES_AGGRESSIVE;
				GCC_WARN_UNUSED_FUNCTION = YES;
				GCC_WARN_UNUSED_VARIABLE = YES;
				IPHONEOS_DEPLOYMENT_TARGET = 15.5;
				MTL_ENABLE_DEBUG_INFO = NO;
				MTL_FAST_MATH = YES;
				SDKROOT = iphoneos;
				SWIFT_COMPILATION_MODE = wholemodule;
				SWIFT_OPTIMIZATION_LEVEL = "-O";
				VALIDATE_PRODUCT = YES;
			};
			name = Release;
		};
		4FEBF35A28DEAFD20017EC32 /* Debug */ = {
			isa = XCBuildConfiguration;
			buildSettings = {
				ASSETCATALOG_COMPILER_APPICON_NAME = AppIcon;
				ASSETCATALOG_COMPILER_GLOBAL_ACCENT_COLOR_NAME = AccentColor;
				CLANG_ENABLE_MODULES = YES;
				CODE_SIGN_STYLE = Automatic;
				CURRENT_PROJECT_VERSION = 1;
				DEVELOPMENT_ASSET_PATHS = "\"DrainCheck/Preview Content\"";
				DEVELOPMENT_TEAM = WNUZX4NA7T;
				ENABLE_PREVIEWS = YES;
				GENERATE_INFOPLIST_FILE = YES;
				INFOPLIST_FILE = DrainCheck/Info.plist;
				INFOPLIST_KEY_UIApplicationSupportsIndirectInputEvents = YES;
				INFOPLIST_KEY_UILaunchScreen_Generation = YES;
				INFOPLIST_KEY_UISupportedInterfaceOrientations = UIInterfaceOrientationPortrait;
				INFOPLIST_KEY_UISupportedInterfaceOrientations_iPad = "UIInterfaceOrientationPortrait UIInterfaceOrientationPortraitUpsideDown UIInterfaceOrientationLandscapeLeft UIInterfaceOrientationLandscapeRight";
				INFOPLIST_KEY_UISupportedInterfaceOrientations_iPhone = "UIInterfaceOrientationPortrait UIInterfaceOrientationLandscapeLeft UIInterfaceOrientationLandscapeRight";
				IPHONEOS_DEPLOYMENT_TARGET = 14.7;
				LD_RUNPATH_SEARCH_PATHS = (
					"$(inherited)",
					"@executable_path/Frameworks",
				);
				MARKETING_VERSION = 1.0;
				PRODUCT_BUNDLE_IDENTIFIER = com.ginsu.DrainCheck;
				PRODUCT_NAME = "$(TARGET_NAME)";
				SWIFT_EMIT_LOC_STRINGS = YES;
				SWIFT_OBJC_BRIDGING_HEADER = "DrainCheck/Settings/DrainCheck-Bridging-Header.h";
				SWIFT_OPTIMIZATION_LEVEL = "-Onone";
				SWIFT_VERSION = 5.0;
				TARGETED_DEVICE_FAMILY = "1,2";
			};
			name = Debug;
		};
		4FEBF35B28DEAFD20017EC32 /* Release */ = {
			isa = XCBuildConfiguration;
			buildSettings = {
				ASSETCATALOG_COMPILER_APPICON_NAME = AppIcon;
				ASSETCATALOG_COMPILER_GLOBAL_ACCENT_COLOR_NAME = AccentColor;
				CLANG_ENABLE_MODULES = YES;
				CODE_SIGN_STYLE = Automatic;
				CURRENT_PROJECT_VERSION = 1;
				DEVELOPMENT_ASSET_PATHS = "\"DrainCheck/Preview Content\"";
				DEVELOPMENT_TEAM = WNUZX4NA7T;
				ENABLE_PREVIEWS = YES;
				GENERATE_INFOPLIST_FILE = YES;
				INFOPLIST_FILE = DrainCheck/Info.plist;
				INFOPLIST_KEY_UIApplicationSupportsIndirectInputEvents = YES;
				INFOPLIST_KEY_UILaunchScreen_Generation = YES;
				INFOPLIST_KEY_UISupportedInterfaceOrientations = UIInterfaceOrientationPortrait;
				INFOPLIST_KEY_UISupportedInterfaceOrientations_iPad = "UIInterfaceOrientationPortrait UIInterfaceOrientationPortraitUpsideDown UIInterfaceOrientationLandscapeLeft UIInterfaceOrientationLandscapeRight";
				INFOPLIST_KEY_UISupportedInterfaceOrientations_iPhone = "UIInterfaceOrientationPortrait UIInterfaceOrientationLandscapeLeft UIInterfaceOrientationLandscapeRight";
				IPHONEOS_DEPLOYMENT_TARGET = 14.7;
				LD_RUNPATH_SEARCH_PATHS = (
					"$(inherited)",
					"@executable_path/Frameworks",
				);
				MARKETING_VERSION = 1.0;
				PRODUCT_BUNDLE_IDENTIFIER = com.ginsu.DrainCheck;
				PRODUCT_NAME = "$(TARGET_NAME)";
				SWIFT_EMIT_LOC_STRINGS = YES;
				SWIFT_OBJC_BRIDGING_HEADER = "DrainCheck/Settings/DrainCheck-Bridging-Header.h";
				SWIFT_VERSION = 5.0;
				TARGETED_DEVICE_FAMILY = "1,2";
			};
			name = Release;
		};
/* End XCBuildConfiguration section */

/* Begin XCConfigurationList section */
		4FEBF34628DEAFD10017EC32 /* Build configuration list for PBXProject "DrainCheck" */ = {
			isa = XCConfigurationList;
			buildConfigurations = (
				4FEBF35728DEAFD20017EC32 /* Debug */,
				4FEBF35828DEAFD20017EC32 /* Release */,
			);
			defaultConfigurationIsVisible = 0;
			defaultConfigurationName = Release;
		};
		4FEBF35928DEAFD20017EC32 /* Build configuration list for PBXNativeTarget "DrainCheck" */ = {
			isa = XCConfigurationList;
			buildConfigurations = (
				4FEBF35A28DEAFD20017EC32 /* Debug */,
				4FEBF35B28DEAFD20017EC32 /* Release */,
			);
			defaultConfigurationIsVisible = 0;
			defaultConfigurationName = Release;
		};
/* End XCConfigurationList section */
	};
	rootObject = 4FEBF34328DEAFD10017EC32 /* Project object */;
}
